{
	"name": "@19h47/formatcine",
	"version": "8.0.0",
	"lockfileVersion": 1,
	"requires": true,
	"dependencies": {
		"@19h47/architecture": {
			"version": "github:19h47/architecture#3bfa01ed86719c0bd6a59e10d9a8129616dfce3c",
			"from": "github:19h47/architecture",
			"requires": {
				"bootstrap": "^5.1.3",
				"ress": "5.0.2"
			},
			"dependencies": {
				"bootstrap": {
					"version": "5.2.3",
					"resolved": "https://registry.npmjs.org/bootstrap/-/bootstrap-5.2.3.tgz",
					"integrity": "sha512-cEKPM+fwb3cT8NzQZYEu4HilJ3anCrWqh3CHAok1p9jXqMPsPTBhU25fBckEJHJ/p+tTxTFTsFQGM+gaHpi3QQ=="
				},
				"ress": {
					"version": "5.0.2",
					"resolved": "https://registry.npmjs.org/ress/-/ress-5.0.2.tgz",
					"integrity": "sha512-oHBtOWo/Uc8SzQMbQNIKTcgi8wKmAs7IlNlRywmXudbOtF+c27FlOIq7tnwLDVcTywe6JXYo1pDXHO6kABwNYA=="
				}
			}
		},
		"@babel/runtime": {
			"version": "7.12.13",
			"resolved": "https://registry.npmjs.org/@babel/runtime/-/runtime-7.12.13.tgz",
			"integrity": "sha512-8+3UMPBrjFa/6TtKi/7sehPKqfAm4g6K+YQjyyFOLUTxzOngcRZTlAVY8sc2CORJYqdHQY8gRPHmn+qo15rCBw==",
			"requires": {
				"regenerator-runtime": "^0.13.4"
			}
		},
		"bootstrap": {
			"version": "4.6.2",
			"resolved": "https://registry.npmjs.org/bootstrap/-/bootstrap-4.6.2.tgz",
			"integrity": "sha512-51Bbp/Uxr9aTuy6ca/8FbFloBUJZLHwnhTcnjIeRn2suQWsWzcuJhGjKDB5eppVte/8oCdOL3VuwxvZDUggwGQ=="
		},
		"regenerator-runtime": {
			"version": "0.13.11",
			"resolved": "https://registry.npmjs.org/regenerator-runtime/-/regenerator-runtime-0.13.11.tgz",
			"integrity": "sha512-kY1AZVr2Ra+t+piVaJ4gxaFaReZVH40AKNo7UCX6W+dEwBo/2oZJzqfuN1qLq1oL45o56cPaTXELwrTh8Fpggg=="
		},
		"ress": {
			"version": "3.0.0",
			"resolved": "https://registry.npmjs.org/ress/-/ress-3.0.0.tgz",
			"integrity": "sha512-MTPto7t44AawqmSbEmvMKoSMWPnxjaTuHf94s7RjWxuSGFN0o8/b+6yOwkaC50+Vihjsu6ODUEQR397gTMn57w=="
		},
		"slick-carousel": {
			"version": "1.8.1",
			"resolved": "https://registry.npmjs.org/slick-carousel/-/slick-carousel-1.8.1.tgz",
			"integrity": "sha512-XB9Ftrf2EEKfzoQXt3Nitrt/IPbT+f1fgqBdoxO3W/+JYvtEOW6EgxnWfr9GH6nmULv7Y2tPmEX3koxThVmebA=="
		}
	}
}
